# This file is automatically @generated by Cargo.
# It is not intended for manual editing.
version = 4

[[package]]
name = "shoke-core"
version = "0.1.0"

[[package]]
name = "shoke-jev"
version = "0.1.0"
dependencies = [
 "shoke-core",
]

[[package]]
name = "shoke-redteam"
version = "0.0.0"
dependencies = [
 "shoke-core",
 "shoke-jev",
]
